
Microsoft Visual Studio Solution File, Format Version 12.00
# Visual Studio Version 17
VisualStudioVersion = 17.6.33723.286
MinimumVisualStudioVersion = 10.0.40219.1
Project("{9A19103F-16F7-4668-BE54-9A1E7A4F7556}") = "MovieToHLS", "MovieToHLS.csproj", "{185E3EF0-11A4-42D9-99C1-8BA71E7760A5}"
EndProject
Project("{FAE04EC0-301F-11D3-BF4B-00C04F79EFBC}") = "Remove", "Remove\Remove.csproj", "{78A5E821-4DBC-4306-AA08-4677188B6B58}"
EndProject
Global
	GlobalSection(SolutionConfigurationPlatforms) = preSolution
		Debug|Any CPU = Debug|Any CPU
		Release|Any CPU = Release|Any CPU
	EndGlobalSection
	GlobalSection(ProjectConfigurationPlatforms) = postSolution
		{185E3EF0-11A4-42D9-99C1-8BA71E7760A5}.Debug|Any CPU.ActiveCfg = Debug|Any CPU
		{185E3EF0-11A4-42D9-99C1-8BA71E7760A5}.Debug|Any CPU.Build.0 = Debug|Any CPU
		{185E3EF0-11A4-42D9-99C1-8BA71E7760A5}.Release|Any CPU.ActiveCfg = Release|Any CPU
		{185E3EF0-11A4-42D9-99C1-8BA71E7760A5}.Release|Any CPU.Build.0 = Release|Any CPU
		{78A5E821-4DBC-4306-AA08-4677188B6B58}.Debug|Any CPU.ActiveCfg = Debug|Any CPU
		{78A5E821-4DBC-4306-AA08-4677188B6B58}.Debug|Any CPU.Build.0 = Debug|Any CPU
		{78A5E821-4DBC-4306-AA08-4677188B6B58}.Release|Any CPU.ActiveCfg = Release|Any CPU
		{78A5E821-4DBC-4306-AA08-4677188B6B58}.Release|Any CPU.Build.0 = Release|Any CPU
	EndGlobalSection
	GlobalSection(SolutionProperties) = preSolution
		HideSolutionNode = FALSE
	EndGlobalSection
	GlobalSection(ExtensibilityGlobals) = postSolution
		SolutionGuid = {AB2F7DAC-D911-43A8-82EF-B4BBF8D46527}
	EndGlobalSection
EndGlobal